
Microsoft Visual Studio Solution File, Format Version 12.00
# Visual Studio Version 16
VisualStudioVersion = 16.0.29728.190
MinimumVisualStudioVersion = 10.0.40219.1
Project("{FAE04EC0-301F-11D3-BF4B-00C04F79EFBC}") = "CS474 Lab 4", "CS474 Lab 4\CS474 Lab 4.csproj", "{9814F072-6026-4CF2-831B-5C3A09CD7276}"
EndProject
Global
	GlobalSection(SolutionConfigurationPlatforms) = preSolution
		Debug|Any CPU = Debug|Any CPU
		Release|Any CPU = Release|Any CPU
	EndGlobalSection
	GlobalSection(ProjectConfigurationPlatforms) = postSolution
		{9814F072-6026-4CF2-831B-5C3A09CD7276}.Debug|Any CPU.ActiveCfg = Debug|Any CPU
		{9814F072-6026-4CF2-831B-5C3A09CD7276}.Debug|Any CPU.Build.0 = Debug|Any CPU
		{9814F072-6026-4CF2-831B-5C3A09CD7276}.Release|Any CPU.ActiveCfg = Release|Any CPU
		{9814F072-6026-4CF2-831B-5C3A09CD7276}.Release|Any CPU.Build.0 = Release|Any CPU
	EndGlobalSection
	GlobalSection(SolutionProperties) = preSolution
		HideSolutionNode = FALSE
	EndGlobalSection
	GlobalSection(ExtensibilityGlobals) = postSolution
		SolutionGuid = {18FD9457-5373-4E7B-8E98-18ACBFB06930}
	EndGlobalSection
EndGlobal
