
Microsoft Visual Studio Solution File, Format Version 12.00
# Visual Studio Version 16
VisualStudioVersion = 16.0.29424.173
MinimumVisualStudioVersion = 10.0.40219.1
Project("{FAE04EC0-301F-11D3-BF4B-00C04F79EFBC}") = "CS460_HW6", "CS460_HW6\CS460_HW6.csproj", "{AF08FC58-F5C9-4807-95DF-E69ECF8275E0}"
EndProject
Global
	GlobalSection(SolutionConfigurationPlatforms) = preSolution
		Debug|Any CPU = Debug|Any CPU
		Release|Any CPU = Release|Any CPU
	EndGlobalSection
	GlobalSection(ProjectConfigurationPlatforms) = postSolution
		{AF08FC58-F5C9-4807-95DF-E69ECF8275E0}.Debug|Any CPU.ActiveCfg = Debug|Any CPU
		{AF08FC58-F5C9-4807-95DF-E69ECF8275E0}.Debug|Any CPU.Build.0 = Debug|Any CPU
		{AF08FC58-F5C9-4807-95DF-E69ECF8275E0}.Release|Any CPU.ActiveCfg = Release|Any CPU
		{AF08FC58-F5C9-4807-95DF-E69ECF8275E0}.Release|Any CPU.Build.0 = Release|Any CPU
	EndGlobalSection
	GlobalSection(SolutionProperties) = preSolution
		HideSolutionNode = FALSE
	EndGlobalSection
	GlobalSection(ExtensibilityGlobals) = postSolution
		SolutionGuid = {3B3BB463-5168-4A02-B32D-76431B04A143}
	EndGlobalSection
EndGlobal
